// !$*UTF8*$!
{
	archiveVersion = 1;
	classes = {
	};
	objectVersion = 46;
	objects = {

/* Begin PBXBuildFile section */
		2709AEE01D656D40004FEB3D /* OverViewCell.swift in Sources */ = {isa = PBXBuildFile; fileRef = 2709AEDF1D656D40004FEB3D /* OverViewCell.swift */; };
		272234661D6AFCD100C4F90B /* Flavor.swift in Sources */ = {isa = PBXBuildFile; fileRef = 272234651D6AFCD100C4F90B /* Flavor.swift */; };
		273C205F1D9583FC0076356C /* SelfDefineButton.swift in Sources */ = {isa = PBXBuildFile; fileRef = 273C205E1D9583FC0076356C /* SelfDefineButton.swift */; };
		274343381D9F9510006B520F /* FlavorService.swift in Sources */ = {isa = PBXBuildFile; fileRef = 274343371D9F9510006B520F /* FlavorService.swift */; };
		2743433F1DA0CF21006B520F /* ImageService.swift in Sources */ = {isa = PBXBuildFile; fileRef = 2743433E1DA0CF21006B520F /* ImageService.swift */; };
		274343411DA0CF2D006B520F /* Image.swift in Sources */ = {isa = PBXBuildFile; fileRef = 274343401DA0CF2D006B520F /* Image.swift */; };
		27451BEE1D69402F00FF782E /* InstanceService.swift in Sources */ = {isa = PBXBuildFile; fileRef = 27451BED1D69402F00FF782E /* InstanceService.swift */; };
		27451BF01D69404400FF782E /* Instance.swift in Sources */ = {isa = PBXBuildFile; fileRef = 27451BEF1D69404400FF782E /* Instance.swift */; };
		274FF9491D53078700D588EC /* User.swift in Sources */ = {isa = PBXBuildFile; fileRef = 274FF9481D53078700D588EC /* User.swift */; };
		274FF94B1D53102A00D588EC /* UserService.swift in Sources */ = {isa = PBXBuildFile; fileRef = 274FF94A1D53102A00D588EC /* UserService.swift */; };
		274FF94D1D5C868200D588EC /* LoginStoryboard.storyboard in Resources */ = {isa = PBXBuildFile; fileRef = 274FF94C1D5C868200D588EC /* LoginStoryboard.storyboard */; };
		274FF9501D5CAA2000D588EC /* BaseViewController.swift in Sources */ = {isa = PBXBuildFile; fileRef = 274FF94F1D5CAA2000D588EC /* BaseViewController.swift */; };
		27510BA51D488F290098CD17 /* AppDelegate.swift in Sources */ = {isa = PBXBuildFile; fileRef = 27510BA41D488F290098CD17 /* AppDelegate.swift */; };
		27510BA71D488F290098CD17 /* ViewController.swift in Sources */ = {isa = PBXBuildFile; fileRef = 27510BA61D488F290098CD17 /* ViewController.swift */; };
		27510BAA1D488F290098CD17 /* Main.storyboard in Resources */ = {isa = PBXBuildFile; fileRef = 27510BA81D488F290098CD17 /* Main.storyboard */; };
		27510BAC1D488F290098CD17 /* Assets.xcassets in Resources */ = {isa = PBXBuildFile; fileRef = 27510BAB1D488F290098CD17 /* Assets.xcassets */; };
		27510BAF1D488F290098CD17 /* LaunchScreen.storyboard in Resources */ = {isa = PBXBuildFile; fileRef = 27510BAD1D488F290098CD17 /* LaunchScreen.storyboard */; };
		27510BBA1D488F2A0098CD17 /* NeCTARClientTests.swift in Sources */ = {isa = PBXBuildFile; fileRef = 27510BB91D488F2A0098CD17 /* NeCTARClientTests.swift */; };
		275FA0B11D6A7A2100898557 /* InstanceDetailCell.swift in Sources */ = {isa = PBXBuildFile; fileRef = 275FA0B01D6A7A2100898557 /* InstanceDetailCell.swift */; };
		276BE6281D607DF1003EA74C /* ContentBaseViewController.swift in Sources */ = {isa = PBXBuildFile; fileRef = 276BE6271D607DF1003EA74C /* ContentBaseViewController.swift */; };
		276BE62C1D6080DC003EA74C /* CommonUsage.swift in Sources */ = {isa = PBXBuildFile; fileRef = 276BE62B1D6080DC003EA74C /* CommonUsage.swift */; };
		276BE62E1D608BF9003EA74C /* OverViewController.swift in Sources */ = {isa = PBXBuildFile; fileRef = 276BE62D1D608BF9003EA74C /* OverViewController.swift */; };
		276BE6301D609FAE003EA74C /* LeftViewController.swift in Sources */ = {isa = PBXBuildFile; fileRef = 276BE62F1D609FAE003EA74C /* LeftViewController.swift */; };
		276BE6431D62CA49003EA74C /* OtherPageViewController.swift in Sources */ = {isa = PBXBuildFile; fileRef = 276BE6421D62CA48003EA74C /* OtherPageViewController.swift */; };
		276BE6471D6343A8003EA74C /* InstancesViewController.swift in Sources */ = {isa = PBXBuildFile; fileRef = 276BE6461D6343A8003EA74C /* InstancesViewController.swift */; };
		276BE6491D6343C4003EA74C /* AboutViewController.swift in Sources */ = {isa = PBXBuildFile; fileRef = 276BE6481D6343C4003EA74C /* AboutViewController.swift */; };
		27AAFD4F1D5DB246007E3054 /* LoginViewController.swift in Sources */ = {isa = PBXBuildFile; fileRef = 27AAFD4E1D5DB246007E3054 /* LoginViewController.swift */; };
		27AEF62F1D49E0F1006A6337 /* NetworkEngine.swift in Sources */ = {isa = PBXBuildFile; fileRef = 27AEF62E1D49E0F1006A6337 /* NetworkEngine.swift */; };
		27B5514F1DA372480083E8D4 /* GuideViewController.swift in Sources */ = {isa = PBXBuildFile; fileRef = 27B5514E1DA372480083E8D4 /* GuideViewController.swift */; };
		27B551531DA3BFF80083E8D4 /* WebViewController.swift in Sources */ = {isa = PBXBuildFile; fileRef = 27B551511DA3BFF80083E8D4 /* WebViewController.swift */; };
		27B551541DA3BFF80083E8D4 /* WebViewController.xib in Resources */ = {isa = PBXBuildFile; fileRef = 27B551521DA3BFF80083E8D4 /* WebViewController.xib */; };
		27DCDBFD1D8E873700D523BD /* InstanceDetailViewController.swift in Sources */ = {isa = PBXBuildFile; fileRef = 27DCDBFC1D8E873700D523BD /* InstanceDetailViewController.swift */; };
		27FA446B1D917DE6007DB8CC /* ActionsViewController.swift in Sources */ = {isa = PBXBuildFile; fileRef = 27FA446A1D917DE6007DB8CC /* ActionsViewController.swift */; };
		94C082D7E09E4178CDF4B0FD /* Pods_NeCTARClient.framework in Frameworks */ = {isa = PBXBuildFile; fileRef = 160FE1A9B3DFB2E80C6A2874 /* Pods_NeCTARClient.framework */; };
		CA06F2071EACEC7200E8B302 /* AddSecurityGroupRuleViewController.swift in Sources */ = {isa = PBXBuildFile; fileRef = CA06F2061EACEC7200E8B302 /* AddSecurityGroupRuleViewController.swift */; };
		CA088C7F1EA3318900E13027 /* KeyViewController.swift in Sources */ = {isa = PBXBuildFile; fileRef = CA088C7E1EA3318900E13027 /* KeyViewController.swift */; };
		CA088C811EA335A800E13027 /* SecurityAndKeyViewController.swift in Sources */ = {isa = PBXBuildFile; fileRef = CA088C801EA335A800E13027 /* SecurityAndKeyViewController.swift */; };
		CA088C841EA3384000E13027 /* ImageDetailCell.swift in Sources */ = {isa = PBXBuildFile; fileRef = CA088C821EA3384000E13027 /* ImageDetailCell.swift */; };
		CA088C851EA3384000E13027 /* ImageViewController.swift in Sources */ = {isa = PBXBuildFile; fileRef = CA088C831EA3384000E13027 /* ImageViewController.swift */; };
		CA088C871EA3385000E13027 /* SecurityViewController.swift in Sources */ = {isa = PBXBuildFile; fileRef = CA088C861EA3385000E13027 /* SecurityViewController.swift */; };
		CA088C891EA33AC900E13027 /* SecurityDetailCell.swift in Sources */ = {isa = PBXBuildFile; fileRef = CA088C881EA33AC900E13027 /* SecurityDetailCell.swift */; };
		CA088C8B1EA33ADC00E13027 /* KeyDetailCell.swift in Sources */ = {isa = PBXBuildFile; fileRef = CA088C8A1EA33ADC00E13027 /* KeyDetailCell.swift */; };
		CA088C8D1EA33F7900E13027 /* Security.swift in Sources */ = {isa = PBXBuildFile; fileRef = CA088C8C1EA33F7900E13027 /* Security.swift */; };
		CA088C8F1EA33F9100E13027 /* SecurityService.swift in Sources */ = {isa = PBXBuildFile; fileRef = CA088C8E1EA33F9100E13027 /* SecurityService.swift */; };
		CA088C911EA34FC500E13027 /* SecurityDetailViewController.swift in Sources */ = {isa = PBXBuildFile; fileRef = CA088C901EA34FC500E13027 /* SecurityDetailViewController.swift */; };
		CA088C931EA38A0700E13027 /* SecurityDetailDetailCell.swift in Sources */ = {isa = PBXBuildFile; fileRef = CA088C921EA38A0700E13027 /* SecurityDetailDetailCell.swift */; };
		CA088C991EA8799C00E13027 /* Key.swift in Sources */ = {isa = PBXBuildFile; fileRef = CA088C981EA8799C00E13027 /* Key.swift */; };
		CA088C9B1EA879B200E13027 /* KeyService.swift in Sources */ = {isa = PBXBuildFile; fileRef = CA088C9A1EA879B200E13027 /* KeyService.swift */; };
		CA088C9D1EA8904100E13027 /* KeyDetailViewController.swift in Sources */ = {isa = PBXBuildFile; fileRef = CA088C9C1EA8904100E13027 /* KeyDetailViewController.swift */; };
		CA088C9F1EA8E9F900E13027 /* AddInstanceImageViewController.swift in Sources */ = {isa = PBXBuildFile; fileRef = CA088C9E1EA8E9F900E13027 /* AddInstanceImageViewController.swift */; };
		CA0E5B0B1E7CED0B00B22194 /* NeCTARClientTests.swift in Sources */ = {isa = PBXBuildFile; fileRef = 27510BB91D488F2A0098CD17 /* NeCTARClientTests.swift */; };
		CA3C68B31EBB45A0002447CF /* AddVolumeViewController.swift in Sources */ = {isa = PBXBuildFile; fileRef = CA3C68B21EBB45A0002447CF /* AddVolumeViewController.swift */; };
		CA3C68B71EC083B1002447CF /* ImageDetailViewController.swift in Sources */ = {isa = PBXBuildFile; fileRef = CA3C68B61EC083B1002447CF /* ImageDetailViewController.swift */; };
		CA3C68B91EC0996E002447CF /* VolumeDetailViewController.swift in Sources */ = {isa = PBXBuildFile; fileRef = CA3C68B81EC0996E002447CF /* VolumeDetailViewController.swift */; };
		CA3C68BB1EC1F739002447CF /* AZone.swift in Sources */ = {isa = PBXBuildFile; fileRef = CA3C68BA1EC1F739002447CF /* AZone.swift */; };
		CA3C68BD1EC1F7A3002447CF /* AZoneService.swift in Sources */ = {isa = PBXBuildFile; fileRef = CA3C68BC1EC1F7A3002447CF /* AZoneService.swift */; };
		CA7168111EB0958B008B48D2 /* ImportKeyViewController.swift in Sources */ = {isa = PBXBuildFile; fileRef = CA7168101EB0958B008B48D2 /* ImportKeyViewController.swift */; };
		CA7168131EB1A7FB008B48D2 /* EditImageViewController.swift in Sources */ = {isa = PBXBuildFile; fileRef = CA7168121EB1A7FB008B48D2 /* EditImageViewController.swift */; };
		CA7168151EB2DE0E008B48D2 /* AddInstanceVolumeViewController.swift in Sources */ = {isa = PBXBuildFile; fileRef = CA7168141EB2DE0E008B48D2 /* AddInstanceVolumeViewController.swift */; };
		CA7168181EB38B00008B48D2 /* VolumeAndSnapshotViewController.swift in Sources */ = {isa = PBXBuildFile; fileRef = CA7168171EB38B00008B48D2 /* VolumeAndSnapshotViewController.swift */; };
		CA71681B1EB38B51008B48D2 /* VolumeViewController.swift in Sources */ = {isa = PBXBuildFile; fileRef = CA71681A1EB38B51008B48D2 /* VolumeViewController.swift */; };
		CA71681D1EB38B67008B48D2 /* VolumeSnapshotViewController.swift in Sources */ = {isa = PBXBuildFile; fileRef = CA71681C1EB38B67008B48D2 /* VolumeSnapshotViewController.swift */; };
		CA71681F1EB48163008B48D2 /* Volume.swift in Sources */ = {isa = PBXBuildFile; fileRef = CA71681E1EB48163008B48D2 /* Volume.swift */; };
		CA7168211EB4863F008B48D2 /* VolumeService.swift in Sources */ = {isa = PBXBuildFile; fileRef = CA7168201EB4863F008B48D2 /* VolumeService.swift */; };
		CA7168231EB48733008B48D2 /* VolumeDetailCell.swift in Sources */ = {isa = PBXBuildFile; fileRef = CA7168221EB48733008B48D2 /* VolumeDetailCell.swift */; };
		CA7168251EB4B05B008B48D2 /* VolumeSnapshot.swift in Sources */ = {isa = PBXBuildFile; fileRef = CA7168241EB4B05B008B48D2 /* VolumeSnapshot.swift */; };
		CA7168271EB4B3D6008B48D2 /* VolumeSnapshotService.swift in Sources */ = {isa = PBXBuildFile; fileRef = CA7168261EB4B3D6008B48D2 /* VolumeSnapshotService.swift */; };
		CA7168291EB4B630008B48D2 /* VolumeSnapshotDetailCell.swift in Sources */ = {isa = PBXBuildFile; fileRef = CA7168281EB4B630008B48D2 /* VolumeSnapshotDetailCell.swift */; };
/* End PBXBuildFile section */

/* Begin PBXContainerItemProxy section */
		27510BB61D488F2A0098CD17 /* PBXContainerItemProxy */ = {
			isa = PBXContainerItemProxy;
			containerPortal = 27510B991D488F290098CD17 /* Project object */;
			proxyType = 1;
			remoteGlobalIDString = 27510BA01D488F290098CD17;
			remoteInfo = NeCTARClient;
		};
		27510BC11D488F2A0098CD17 /* PBXContainerItemProxy */ = {
			isa = PBXContainerItemProxy;
			containerPortal = 27510B991D488F290098CD17 /* Project object */;
			proxyType = 1;
			remoteGlobalIDString = 27510BA01D488F290098CD17;
			remoteInfo = NeCTARClient;
		};
/* End PBXContainerItemProxy section */

/* Begin PBXCopyFilesBuildPhase section */
		CA8AD24A1E7CEE13009BE0C1 /* CopyFiles */ = {
			isa = PBXCopyFilesBuildPhase;
			buildActionMask = 2147483647;
			dstPath = "";
			dstSubfolderSpec = 7;
			files = (
			);
			runOnlyForDeploymentPostprocessing = 0;
		};
/* End PBXCopyFilesBuildPhase section */

/* Begin PBXFileReference section */
		160FE1A9B3DFB2E80C6A2874 /* Pods_NeCTARClient.framework */ = {isa = PBXFileReference; explicitFileType = wrapper.framework; includeInIndex = 0; path = Pods_NeCTARClient.framework; sourceTree = BUILT_PRODUCTS_DIR; };
		1B5B6132B56EA574C782E008 /* Pods-NeCTARClient.release.xcconfig */ = {isa = PBXFileReference; includeInIndex = 1; lastKnownFileType = text.xcconfig; name = "Pods-NeCTARClient.release.xcconfig"; path = "Pods/Target Support Files/Pods-NeCTARClient/Pods-NeCTARClient.release.xcconfig"; sourceTree = "<group>"; };
		2709AEDF1D656D40004FEB3D /* OverViewCell.swift */ = {isa = PBXFileReference; fileEncoding = 4; lastKnownFileType = sourcecode.swift; path = OverViewCell.swift; sourceTree = "<group>"; };
		272234651D6AFCD100C4F90B /* Flavor.swift */ = {isa = PBXFileReference; fileEncoding = 4; lastKnownFileType = sourcecode.swift; path = Flavor.swift; sourceTree = "<group>"; };
		273C205E1D9583FC0076356C /* SelfDefineButton.swift */ = {isa = PBXFileReference; fileEncoding = 4; lastKnownFileType = sourcecode.swift; path = SelfDefineButton.swift; sourceTree = "<group>"; };
		274343371D9F9510006B520F /* FlavorService.swift */ = {isa = PBXFileReference; fileEncoding = 4; lastKnownFileType = sourcecode.swift; path = FlavorService.swift; sourceTree = "<group>"; };
		2743433E1DA0CF21006B520F /* ImageService.swift */ = {isa = PBXFileReference; fileEncoding = 4; lastKnownFileType = sourcecode.swift; path = ImageService.swift; sourceTree = "<group>"; };
		274343401DA0CF2D006B520F /* Image.swift */ = {isa = PBXFileReference; fileEncoding = 4; lastKnownFileType = sourcecode.swift; path = Image.swift; sourceTree = "<group>"; };
		27451BED1D69402F00FF782E /* InstanceService.swift */ = {isa = PBXFileReference; fileEncoding = 4; lastKnownFileType = sourcecode.swift; path = InstanceService.swift; sourceTree = "<group>"; };
		27451BEF1D69404400FF782E /* Instance.swift */ = {isa = PBXFileReference; fileEncoding = 4; lastKnownFileType = sourcecode.swift; path = Instance.swift; sourceTree = "<group>"; };
		274FF9481D53078700D588EC /* User.swift */ = {isa = PBXFileReference; fileEncoding = 4; lastKnownFileType = sourcecode.swift; path = User.swift; sourceTree = "<group>"; };
		274FF94A1D53102A00D588EC /* UserService.swift */ = {isa = PBXFileReference; fileEncoding = 4; lastKnownFileType = sourcecode.swift; path = UserService.swift; sourceTree = "<group>"; };
		274FF94C1D5C868200D588EC /* LoginStoryboard.storyboard */ = {isa = PBXFileReference; fileEncoding = 4; lastKnownFileType = file.storyboard; path = LoginStoryboard.storyboard; sourceTree = "<group>"; };
		274FF94F1D5CAA2000D588EC /* BaseViewController.swift */ = {isa = PBXFileReference; fileEncoding = 4; lastKnownFileType = sourcecode.swift; path = BaseViewController.swift; sourceTree = "<group>"; };
		27510BA11D488F290098CD17 /* NeCTARClient.app */ = {isa = PBXFileReference; explicitFileType = wrapper.application; includeInIndex = 0; path = NeCTARClient.app; sourceTree = BUILT_PRODUCTS_DIR; };
		27510BA41D488F290098CD17 /* AppDelegate.swift */ = {isa = PBXFileReference; lastKnownFileType = sourcecode.swift; path = AppDelegate.swift; sourceTree = "<group>"; };
		27510BA61D488F290098CD17 /* ViewController.swift */ = {isa = PBXFileReference; lastKnownFileType = sourcecode.swift; path = ViewController.swift; sourceTree = "<group>"; };
		27510BA91D488F290098CD17 /* Base */ = {isa = PBXFileReference; lastKnownFileType = file.storyboard; name = Base; path = Base.lproj/Main.storyboard; sourceTree = "<group>"; };
		27510BAB1D488F290098CD17 /* Assets.xcassets */ = {isa = PBXFileReference; lastKnownFileType = folder.assetcatalog; path = Assets.xcassets; sourceTree = "<group>"; };
		27510BAE1D488F290098CD17 /* Base */ = {isa = PBXFileReference; lastKnownFileType = file.storyboard; name = Base; path = Base.lproj/LaunchScreen.storyboard; sourceTree = "<group>"; };
		27510BB01D488F290098CD17 /* Info.plist */ = {isa = PBXFileReference; lastKnownFileType = text.plist.xml; path = Info.plist; sourceTree = "<group>"; };
		27510BB51D488F2A0098CD17 /* NeCTARClientTests.xctest */ = {isa = PBXFileReference; explicitFileType = wrapper.cfbundle; includeInIndex = 0; path = NeCTARClientTests.xctest; sourceTree = BUILT_PRODUCTS_DIR; };
		27510BB91D488F2A0098CD17 /* NeCTARClientTests.swift */ = {isa = PBXFileReference; lastKnownFileType = sourcecode.swift; path = NeCTARClientTests.swift; sourceTree = "<group>"; };
		27510BBB1D488F2A0098CD17 /* Info.plist */ = {isa = PBXFileReference; lastKnownFileType = text.plist.xml; path = Info.plist; sourceTree = "<group>"; };
		27510BC01D488F2A0098CD17 /* NeCTARClientUITests.xctest */ = {isa = PBXFileReference; explicitFileType = wrapper.cfbundle; includeInIndex = 0; path = NeCTARClientUITests.xctest; sourceTree = BUILT_PRODUCTS_DIR; };
		27510BC41D488F2A0098CD17 /* NeCTARClientUITests.swift */ = {isa = PBXFileReference; lastKnownFileType = sourcecode.swift; path = NeCTARClientUITests.swift; sourceTree = "<group>"; };
		27510BC61D488F2A0098CD17 /* Info.plist */ = {isa = PBXFileReference; lastKnownFileType = text.plist.xml; path = Info.plist; sourceTree = "<group>"; };
		275FA0B01D6A7A2100898557 /* InstanceDetailCell.swift */ = {isa = PBXFileReference; fileEncoding = 4; lastKnownFileType = sourcecode.swift; path = InstanceDetailCell.swift; sourceTree = "<group>"; };
		276BE6271D607DF1003EA74C /* ContentBaseViewController.swift */ = {isa = PBXFileReference; fileEncoding = 4; lastKnownFileType = sourcecode.swift; path = ContentBaseViewController.swift; sourceTree = "<group>"; };
		276BE62B1D6080DC003EA74C /* CommonUsage.swift */ = {isa = PBXFileReference; fileEncoding = 4; lastKnownFileType = sourcecode.swift; path = CommonUsage.swift; sourceTree = "<group>"; };
		276BE62D1D608BF9003EA74C /* OverViewController.swift */ = {isa = PBXFileReference; fileEncoding = 4; lastKnownFileType = sourcecode.swift; path = OverViewController.swift; sourceTree = "<group>"; };
		276BE62F1D609FAE003EA74C /* LeftViewController.swift */ = {isa = PBXFileReference; fileEncoding = 4; lastKnownFileType = sourcecode.swift; path = LeftViewController.swift; sourceTree = "<group>"; };
		276BE6421D62CA48003EA74C /* OtherPageViewController.swift */ = {isa = PBXFileReference; fileEncoding = 4; lastKnownFileType = sourcecode.swift; path = OtherPageViewController.swift; sourceTree = "<group>"; };
		276BE6461D6343A8003EA74C /* InstancesViewController.swift */ = {isa = PBXFileReference; fileEncoding = 4; lastKnownFileType = sourcecode.swift; name = InstancesViewController.swift; path = NeCTARClient/ViewControllers/Instance/InstancesViewController.swift; sourceTree = SOURCE_ROOT; };
		276BE6481D6343C4003EA74C /* AboutViewController.swift */ = {isa = PBXFileReference; fileEncoding = 4; lastKnownFileType = sourcecode.swift; path = AboutViewController.swift; sourceTree = "<group>"; };
		27AAFD4E1D5DB246007E3054 /* LoginViewController.swift */ = {isa = PBXFileReference; fileEncoding = 4; lastKnownFileType = sourcecode.swift; path = LoginViewController.swift; sourceTree = "<group>"; };
		27AEF62E1D49E0F1006A6337 /* NetworkEngine.swift */ = {isa = PBXFileReference; fileEncoding = 4; lastKnownFileType = sourcecode.swift; path = NetworkEngine.swift; sourceTree = "<group>"; };
		27B5514E1DA372480083E8D4 /* GuideViewController.swift */ = {isa = PBXFileReference; fileEncoding = 4; lastKnownFileType = sourcecode.swift; path = GuideViewController.swift; sourceTree = "<group>"; };
		27B551511DA3BFF80083E8D4 /* WebViewController.swift */ = {isa = PBXFileReference; fileEncoding = 4; lastKnownFileType = sourcecode.swift; name = WebViewController.swift; path = WebViewController/WebViewController.swift; sourceTree = "<group>"; };
		27B551521DA3BFF80083E8D4 /* WebViewController.xib */ = {isa = PBXFileReference; fileEncoding = 4; lastKnownFileType = file.xib; name = WebViewController.xib; path = WebViewController/WebViewController.xib; sourceTree = "<group>"; };
		27DCDBFC1D8E873700D523BD /* InstanceDetailViewController.swift */ = {isa = PBXFileReference; fileEncoding = 4; lastKnownFileType = sourcecode.swift; path = InstanceDetailViewController.swift; sourceTree = "<group>"; };
		27FA446A1D917DE6007DB8CC /* ActionsViewController.swift */ = {isa = PBXFileReference; fileEncoding = 4; lastKnownFileType = sourcecode.swift; path = ActionsViewController.swift; sourceTree = "<group>"; };
		4D1B065FB0CD8CC0A7A853D8 /* Pods_NeCTARClientUITests.framework */ = {isa = PBXFileReference; explicitFileType = wrapper.framework; includeInIndex = 0; path = Pods_NeCTARClientUITests.framework; sourceTree = BUILT_PRODUCTS_DIR; };
		6BFD802475F6ED318E4023AD /* Pods-NeCTARClient.debug.xcconfig */ = {isa = PBXFileReference; includeInIndex = 1; lastKnownFileType = text.xcconfig; name = "Pods-NeCTARClient.debug.xcconfig"; path = "Pods/Target Support Files/Pods-NeCTARClient/Pods-NeCTARClient.debug.xcconfig"; sourceTree = "<group>"; };
		A328051051531B7D06FC049E /* Pods_NeCTARClientTests.framework */ = {isa = PBXFileReference; explicitFileType = wrapper.framework; includeInIndex = 0; path = Pods_NeCTARClientTests.framework; sourceTree = BUILT_PRODUCTS_DIR; };
		CA06F2061EACEC7200E8B302 /* AddSecurityGroupRuleViewController.swift */ = {isa = PBXFileReference; fileEncoding = 4; lastKnownFileType = sourcecode.swift; path = AddSecurityGroupRuleViewController.swift; sourceTree = "<group>"; };
		CA088C7E1EA3318900E13027 /* KeyViewController.swift */ = {isa = PBXFileReference; fileEncoding = 4; lastKnownFileType = sourcecode.swift; path = KeyViewController.swift; sourceTree = "<group>"; };
		CA088C801EA335A800E13027 /* SecurityAndKeyViewController.swift */ = {isa = PBXFileReference; fileEncoding = 4; lastKnownFileType = sourcecode.swift; path = SecurityAndKeyViewController.swift; sourceTree = "<group>"; };
		CA088C821EA3384000E13027 /* ImageDetailCell.swift */ = {isa = PBXFileReference; fileEncoding = 4; lastKnownFileType = sourcecode.swift; path = ImageDetailCell.swift; sourceTree = "<group>"; };
		CA088C831EA3384000E13027 /* ImageViewController.swift */ = {isa = PBXFileReference; fileEncoding = 4; lastKnownFileType = sourcecode.swift; path = ImageViewController.swift; sourceTree = "<group>"; };
		CA088C861EA3385000E13027 /* SecurityViewController.swift */ = {isa = PBXFileReference; fileEncoding = 4; lastKnownFileType = sourcecode.swift; path = SecurityViewController.swift; sourceTree = "<group>"; };
		CA088C881EA33AC900E13027 /* SecurityDetailCell.swift */ = {isa = PBXFileReference; fileEncoding = 4; lastKnownFileType = sourcecode.swift; path = SecurityDetailCell.swift; sourceTree = "<group>"; };
		CA088C8A1EA33ADC00E13027 /* KeyDetailCell.swift */ = {isa = PBXFileReference; fileEncoding = 4; lastKnownFileType = sourcecode.swift; path = KeyDetailCell.swift; sourceTree = "<group>"; };
		CA088C8C1EA33F7900E13027 /* Security.swift */ = {isa = PBXFileReference; fileEncoding = 4; lastKnownFileType = sourcecode.swift; path = Security.swift; sourceTree = "<group>"; };
		CA088C8E1EA33F9100E13027 /* SecurityService.swift */ = {isa = PBXFileReference; fileEncoding = 4; lastKnownFileType = sourcecode.swift; path = SecurityService.swift; sourceTree = "<group>"; };
		CA088C901EA34FC500E13027 /* SecurityDetailViewController.swift */ = {isa = PBXFileReference; fileEncoding = 4; lastKnownFileType = sourcecode.swift; path = SecurityDetailViewController.swift; sourceTree = "<group>"; };
		CA088C921EA38A0700E13027 /* SecurityDetailDetailCell.swift */ = {isa = PBXFileReference; fileEncoding = 4; lastKnownFileType = sourcecode.swift; path = SecurityDetailDetailCell.swift; sourceTree = "<group>"; };
		CA088C981EA8799C00E13027 /* Key.swift */ = {isa = PBXFileReference; fileEncoding = 4; lastKnownFileType = sourcecode.swift; path = Key.swift; sourceTree = "<group>"; };
		CA088C9A1EA879B200E13027 /* KeyService.swift */ = {isa = PBXFileReference; fileEncoding = 4; lastKnownFileType = sourcecode.swift; path = KeyService.swift; sourceTree = "<group>"; };
		CA088C9C1EA8904100E13027 /* KeyDetailViewController.swift */ = {isa = PBXFileReference; fileEncoding = 4; lastKnownFileType = sourcecode.swift; path = KeyDetailViewController.swift; sourceTree = "<group>"; };
		CA088C9E1EA8E9F900E13027 /* AddInstanceImageViewController.swift */ = {isa = PBXFileReference; fileEncoding = 4; lastKnownFileType = sourcecode.swift; path = AddInstanceImageViewController.swift; sourceTree = "<group>"; };
		CA0E5B0C1E7CED1700B22194 /* Alamofire.framework */ = {isa = PBXFileReference; lastKnownFileType = wrapper.framework; name = Alamofire.framework; path = "../../../Library/Developer/Xcode/DerivedData/NeCTARClient-gjpexnnahfolmcgvcdjkdmpwzeuu/Build/Products/Debug-iphonesimulator/Alamofire/Alamofire.framework"; sourceTree = "<group>"; };
		CA0E5B0D1E7CED1700B22194 /* Charts.framework */ = {isa = PBXFileReference; lastKnownFileType = wrapper.framework; name = Charts.framework; path = "../../../Library/Developer/Xcode/DerivedData/NeCTARClient-gjpexnnahfolmcgvcdjkdmpwzeuu/Build/Products/Debug-iphonesimulator/Charts/Charts.framework"; sourceTree = "<group>"; };
		CA0E5B0E1E7CED1700B22194 /* IBAnimatable.framework */ = {isa = PBXFileReference; lastKnownFileType = wrapper.framework; name = IBAnimatable.framework; path = "../../../Library/Developer/Xcode/DerivedData/NeCTARClient-gjpexnnahfolmcgvcdjkdmpwzeuu/Build/Products/Debug-iphonesimulator/IBAnimatable/IBAnimatable.framework"; sourceTree = "<group>"; };
		CA0E5B0F1E7CED1700B22194 /* MBProgressHUD.framework */ = {isa = PBXFileReference; lastKnownFileType = wrapper.framework; name = MBProgressHUD.framework; path = "../../../Library/Developer/Xcode/DerivedData/NeCTARClient-gjpexnnahfolmcgvcdjkdmpwzeuu/Build/Products/Debug-iphonesimulator/MBProgressHUD/MBProgressHUD.framework"; sourceTree = "<group>"; };
		CA0E5B101E7CED1700B22194 /* OMGHTTPURLRQ.framework */ = {isa = PBXFileReference; lastKnownFileType = wrapper.framework; name = OMGHTTPURLRQ.framework; path = "../../../Library/Developer/Xcode/DerivedData/NeCTARClient-gjpexnnahfolmcgvcdjkdmpwzeuu/Build/Products/Debug-iphonesimulator/OMGHTTPURLRQ/OMGHTTPURLRQ.framework"; sourceTree = "<group>"; };
		CA0E5B111E7CED1700B22194 /* Pods_NeCTARClient.framework */ = {isa = PBXFileReference; lastKnownFileType = wrapper.framework; name = Pods_NeCTARClient.framework; path = "../../../Library/Developer/Xcode/DerivedData/NeCTARClient-gjpexnnahfolmcgvcdjkdmpwzeuu/Build/Products/Debug-iphonesimulator/Pods_NeCTARClient.framework"; sourceTree = "<group>"; };
		CA0E5B121E7CED1700B22194 /* PromiseKit.framework */ = {isa = PBXFileReference; lastKnownFileType = wrapper.framework; name = PromiseKit.framework; path = "../../../Library/Developer/Xcode/DerivedData/NeCTARClient-gjpexnnahfolmcgvcdjkdmpwzeuu/Build/Products/Debug-iphonesimulator/PromiseKit/PromiseKit.framework"; sourceTree = "<group>"; };
		CA0E5B131E7CED1700B22194 /* SnapKit.framework */ = {isa = PBXFileReference; lastKnownFileType = wrapper.framework; name = SnapKit.framework; path = "../../../Library/Developer/Xcode/DerivedData/NeCTARClient-gjpexnnahfolmcgvcdjkdmpwzeuu/Build/Products/Debug-iphonesimulator/SnapKit/SnapKit.framework"; sourceTree = "<group>"; };
		CA0E5B141E7CED1700B22194 /* SwiftDate.framework */ = {isa = PBXFileReference; lastKnownFileType = wrapper.framework; name = SwiftDate.framework; path = "../../../Library/Developer/Xcode/DerivedData/NeCTARClient-gjpexnnahfolmcgvcdjkdmpwzeuu/Build/Products/Debug-iphonesimulator/SwiftDate/SwiftDate.framework"; sourceTree = "<group>"; };
		CA0E5B151E7CED1700B22194 /* SwiftyJSON.framework */ = {isa = PBXFileReference; lastKnownFileType = wrapper.framework; name = SwiftyJSON.framework; path = "../../../Library/Developer/Xcode/DerivedData/NeCTARClient-gjpexnnahfolmcgvcdjkdmpwzeuu/Build/Products/Debug-iphonesimulator/SwiftyJSON/SwiftyJSON.framework"; sourceTree = "<group>"; };
		CA3C68B21EBB45A0002447CF /* AddVolumeViewController.swift */ = {isa = PBXFileReference; fileEncoding = 4; lastKnownFileType = sourcecode.swift; path = AddVolumeViewController.swift; sourceTree = "<group>"; };
		CA3C68B61EC083B1002447CF /* ImageDetailViewController.swift */ = {isa = PBXFileReference; fileEncoding = 4; lastKnownFileType = sourcecode.swift; path = ImageDetailViewController.swift; sourceTree = "<group>"; };
		CA3C68B81EC0996E002447CF /* VolumeDetailViewController.swift */ = {isa = PBXFileReference; fileEncoding = 4; lastKnownFileType = sourcecode.swift; path = VolumeDetailViewController.swift; sourceTree = "<group>"; };
		CA3C68BA1EC1F739002447CF /* AZone.swift */ = {isa = PBXFileReference; fileEncoding = 4; lastKnownFileType = sourcecode.swift; path = AZone.swift; sourceTree = "<group>"; };
		CA3C68BC1EC1F7A3002447CF /* AZoneService.swift */ = {isa = PBXFileReference; fileEncoding = 4; lastKnownFileType = sourcecode.swift; path = AZoneService.swift; sourceTree = "<group>"; };
		CA7168101EB0958B008B48D2 /* ImportKeyViewController.swift */ = {isa = PBXFileReference; fileEncoding = 4; lastKnownFileType = sourcecode.swift; path = ImportKeyViewController.swift; sourceTree = "<group>"; };
		CA7168121EB1A7FB008B48D2 /* EditImageViewController.swift */ = {isa = PBXFileReference; fileEncoding = 4; lastKnownFileType = sourcecode.swift; path = EditImageViewController.swift; sourceTree = "<group>"; };
		CA7168141EB2DE0E008B48D2 /* AddInstanceVolumeViewController.swift */ = {isa = PBXFileReference; fileEncoding = 4; lastKnownFileType = sourcecode.swift; path = AddInstanceVolumeViewController.swift; sourceTree = "<group>"; };
		CA7168171EB38B00008B48D2 /* VolumeAndSnapshotViewController.swift */ = {isa = PBXFileReference; fileEncoding = 4; lastKnownFileType = sourcecode.swift; path = VolumeAndSnapshotViewController.swift; sourceTree = "<group>"; };
		CA71681A1EB38B51008B48D2 /* VolumeViewController.swift */ = {isa = PBXFileReference; fileEncoding = 4; lastKnownFileType = sourcecode.swift; path = VolumeViewController.swift; sourceTree = "<group>"; };
		CA71681C1EB38B67008B48D2 /* VolumeSnapshotViewController.swift */ = {isa = PBXFileReference; fileEncoding = 4; lastKnownFileType = sourcecode.swift; path = VolumeSnapshotViewController.swift; sourceTree = "<group>"; };
		CA71681E1EB48163008B48D2 /* Volume.swift */ = {isa = PBXFileReference; fileEncoding = 4; lastKnownFileType = sourcecode.swift; path = Volume.swift; sourceTree = "<group>"; };
		CA7168201EB4863F008B48D2 /* VolumeService.swift */ = {isa = PBXFileReference; fileEncoding = 4; lastKnownFileType = sourcecode.swift; path = VolumeService.swift; sourceTree = "<group>"; };
		CA7168221EB48733008B48D2 /* VolumeDetailCell.swift */ = {isa = PBXFileReference; fileEncoding = 4; lastKnownFileType = sourcecode.swift; path = VolumeDetailCell.swift; sourceTree = "<group>"; };
		CA7168241EB4B05B008B48D2 /* VolumeSnapshot.swift */ = {isa = PBXFileReference; fileEncoding = 4; lastKnownFileType = sourcecode.swift; path = VolumeSnapshot.swift; sourceTree = "<group>"; };
		CA7168261EB4B3D6008B48D2 /* VolumeSnapshotService.swift */ = {isa = PBXFileReference; fileEncoding = 4; lastKnownFileType = sourcecode.swift; path = VolumeSnapshotService.swift; sourceTree = "<group>"; };
		CA7168281EB4B630008B48D2 /* VolumeSnapshotDetailCell.swift */ = {isa = PBXFileReference; fileEncoding = 4; lastKnownFileType = sourcecode.swift; path = VolumeSnapshotDetailCell.swift; sourceTree = "<group>"; };
/* End PBXFileReference section */

/* Begin PBXFrameworksBuildPhase section */
		27510B9E1D488F290098CD17 /* Frameworks */ = {
			isa = PBXFrameworksBuildPhase;
			buildActionMask = 2147483647;
			files = (
				94C082D7E09E4178CDF4B0FD /* Pods_NeCTARClient.framework in Frameworks */,
			);
			runOnlyForDeploymentPostprocessing = 0;
		};
		27510BB21D488F2A0098CD17 /* Frameworks */ = {
			isa = PBXFrameworksBuildPhase;
			buildActionMask = 2147483647;
			files = (
			);
			runOnlyForDeploymentPostprocessing = 0;
		};
		27510BBD1D488F2A0098CD17 /* Frameworks */ = {
			isa = PBXFrameworksBuildPhase;
			buildActionMask = 2147483647;
			files = (
			);
			runOnlyForDeploymentPostprocessing = 0;
		};
/* End PBXFrameworksBuildPhase section */

/* Begin PBXGroup section */
		1F6BDEA84378C9CBE598056C /* Frameworks */ = {
			isa = PBXGroup;
			children = (
				CA0E5B0C1E7CED1700B22194 /* Alamofire.framework */,
				CA0E5B0D1E7CED1700B22194 /* Charts.framework */,
				CA0E5B0E1E7CED1700B22194 /* IBAnimatable.framework */,
				CA0E5B0F1E7CED1700B22194 /* MBProgressHUD.framework */,
				CA0E5B101E7CED1700B22194 /* OMGHTTPURLRQ.framework */,
				CA0E5B111E7CED1700B22194 /* Pods_NeCTARClient.framework */,
				CA0E5B121E7CED1700B22194 /* PromiseKit.framework */,
				CA0E5B131E7CED1700B22194 /* SnapKit.framework */,
				CA0E5B141E7CED1700B22194 /* SwiftDate.framework */,
				CA0E5B151E7CED1700B22194 /* SwiftyJSON.framework */,
				160FE1A9B3DFB2E80C6A2874 /* Pods_NeCTARClient.framework */,
				A328051051531B7D06FC049E /* Pods_NeCTARClientTests.framework */,
				4D1B065FB0CD8CC0A7A853D8 /* Pods_NeCTARClientUITests.framework */,
			);
			name = Frameworks;
			sourceTree = "<group>";
		};
		274FF9441D4EFC9D00D588EC /* Utils */ = {
			isa = PBXGroup;
			children = (
				274FF94A1D53102A00D588EC /* UserService.swift */,
				27451BED1D69402F00FF782E /* InstanceService.swift */,
				276BE62B1D6080DC003EA74C /* CommonUsage.swift */,
				274343371D9F9510006B520F /* FlavorService.swift */,
				2743433E1DA0CF21006B520F /* ImageService.swift */,
				CA088C8E1EA33F9100E13027 /* SecurityService.swift */,
				CA088C9A1EA879B200E13027 /* KeyService.swift */,
				CA7168201EB4863F008B48D2 /* VolumeService.swift */,
				CA7168261EB4B3D6008B48D2 /* VolumeSnapshotService.swift */,
				CA3C68BC1EC1F7A3002447CF /* AZoneService.swift */,
			);
			path = Utils;
			sourceTree = "<group>";
		};
		274FF9471D53077300D588EC /* Models */ = {
			isa = PBXGroup;
			children = (
				274FF9481D53078700D588EC /* User.swift */,
				27451BEF1D69404400FF782E /* Instance.swift */,
				272234651D6AFCD100C4F90B /* Flavor.swift */,
				274343401DA0CF2D006B520F /* Image.swift */,
				CA088C8C1EA33F7900E13027 /* Security.swift */,
				CA088C981EA8799C00E13027 /* Key.swift */,
				CA71681E1EB48163008B48D2 /* Volume.swift */,
				CA7168241EB4B05B008B48D2 /* VolumeSnapshot.swift */,
				CA3C68BA1EC1F739002447CF /* AZone.swift */,
			);
			path = Models;
			sourceTree = "<group>";
		};
		274FF94E1D5CA9D100D588EC /* Common */ = {
			isa = PBXGroup;
			children = (
				274FF94F1D5CAA2000D588EC /* BaseViewController.swift */,
				276BE6271D607DF1003EA74C /* ContentBaseViewController.swift */,
			);
			path = Common;
			sourceTree = "<group>";
		};
		27510B981D488F290098CD17 = {
			isa = PBXGroup;
			children = (
				27510BA31D488F290098CD17 /* NeCTARClient */,
				27510BB81D488F2A0098CD17 /* NeCTARClientTests */,
				27510BC31D488F2A0098CD17 /* NeCTARClientUITests */,
				27510BA21D488F290098CD17 /* Products */,
				B43916E3B813EE306B8984AF /* Pods */,
				1F6BDEA84378C9CBE598056C /* Frameworks */,
			);
			sourceTree = "<group>";
		};
		27510BA21D488F290098CD17 /* Products */ = {
			isa = PBXGroup;
			children = (
				27510BA11D488F290098CD17 /* NeCTARClient.app */,
				27510BB51D488F2A0098CD17 /* NeCTARClientTests.xctest */,
				27510BC01D488F2A0098CD17 /* NeCTARClientUITests.xctest */,
			);
			name = Products;
			sourceTree = "<group>";
		};
		27510BA31D488F290098CD17 /* NeCTARClient */ = {
			isa = PBXGroup;
			children = (
				274FF9471D53077300D588EC /* Models */,
				274FF9441D4EFC9D00D588EC /* Utils */,
				27AEF62C1D49E0A3006A6337 /* Network */,
				27AEF62D1D49E0A3006A6337 /* ViewControllers */,
				27510BA41D488F290098CD17 /* AppDelegate.swift */,
				27510BA61D488F290098CD17 /* ViewController.swift */,
				274FF94C1D5C868200D588EC /* LoginStoryboard.storyboard */,
				27510BA81D488F290098CD17 /* Main.storyboard */,
				27510BAB1D488F290098CD17 /* Assets.xcassets */,
				27510BAD1D488F290098CD17 /* LaunchScreen.storyboard */,
				27510BB01D488F290098CD17 /* Info.plist */,
			);
			path = NeCTARClient;
			sourceTree = "<group>";
		};
		27510BB81D488F2A0098CD17 /* NeCTARClientTests */ = {
			isa = PBXGroup;
			children = (
				27510BB91D488F2A0098CD17 /* NeCTARClientTests.swift */,
				27510BBB1D488F2A0098CD17 /* Info.plist */,
			);
			path = NeCTARClientTests;
			sourceTree = "<group>";
		};
		27510BC31D488F2A0098CD17 /* NeCTARClientUITests */ = {
			isa = PBXGroup;
			children = (
				27510BC41D488F2A0098CD17 /* NeCTARClientUITests.swift */,
				27510BC61D488F2A0098CD17 /* Info.plist */,
			);
			path = NeCTARClientUITests;
			sourceTree = "<group>";
		};
		275FA0AD1D6A781E00898557 /* Instance */ = {
			isa = PBXGroup;
			children = (
				276BE6461D6343A8003EA74C /* InstancesViewController.swift */,
				275FA0B01D6A7A2100898557 /* InstanceDetailCell.swift */,
				27DCDBFC1D8E873700D523BD /* InstanceDetailViewController.swift */,
				27FA446A1D917DE6007DB8CC /* ActionsViewController.swift */,
				273C205E1D9583FC0076356C /* SelfDefineButton.swift */,
				CA088C9E1EA8E9F900E13027 /* AddInstanceImageViewController.swift */,
				CA7168141EB2DE0E008B48D2 /* AddInstanceVolumeViewController.swift */,
			);
			path = Instance;
			sourceTree = "<group>";
		};
		2799F9841DAE7646007AC54F /* OverViewControllers */ = {
			isa = PBXGroup;
			children = (
				276BE62D1D608BF9003EA74C /* OverViewController.swift */,
				2709AEDF1D656D40004FEB3D /* OverViewCell.swift */,
			);
			name = OverViewControllers;
			sourceTree = "<group>";
		};
		27AAFD4D1D5DB22A007E3054 /* Login */ = {
			isa = PBXGroup;
			children = (
				27AAFD4E1D5DB246007E3054 /* LoginViewController.swift */,
			);
			path = Login;
			sourceTree = "<group>";
		};
		27AEF62C1D49E0A3006A6337 /* Network */ = {
			isa = PBXGroup;
			children = (
				27AEF62E1D49E0F1006A6337 /* NetworkEngine.swift */,
			);
			path = Network;
			sourceTree = "<group>";
		};
		27AEF62D1D49E0A3006A6337 /* ViewControllers */ = {
			isa = PBXGroup;
			children = (
				CA7168161EB353DF008B48D2 /* Volumes */,
				CA088C7D1EA3315900E13027 /* SecurityAndKey */,
				CA836A1F1E9D0D9100A2C2D9 /* Image */,
				27B551501DA39F7F0083E8D4 /* WebViewController */,
				275FA0AD1D6A781E00898557 /* Instance */,
				27AAFD4D1D5DB22A007E3054 /* Login */,
				274FF94E1D5CA9D100D588EC /* Common */,
				2799F9841DAE7646007AC54F /* OverViewControllers */,
				276BE62F1D609FAE003EA74C /* LeftViewController.swift */,
				276BE6421D62CA48003EA74C /* OtherPageViewController.swift */,
				276BE6481D6343C4003EA74C /* AboutViewController.swift */,
				27B5514E1DA372480083E8D4 /* GuideViewController.swift */,
			);
			path = ViewControllers;
			sourceTree = "<group>";
		};
		27B551501DA39F7F0083E8D4 /* WebViewController */ = {
			isa = PBXGroup;
			children = (
				27B551511DA3BFF80083E8D4 /* WebViewController.swift */,
				27B551521DA3BFF80083E8D4 /* WebViewController.xib */,
			);
			name = WebViewController;
			sourceTree = "<group>";
		};
		B43916E3B813EE306B8984AF /* Pods */ = {
			isa = PBXGroup;
			children = (
				6BFD802475F6ED318E4023AD /* Pods-NeCTARClient.debug.xcconfig */,
				1B5B6132B56EA574C782E008 /* Pods-NeCTARClient.release.xcconfig */,
			);
			name = Pods;
			sourceTree = "<group>";
		};
		CA088C7D1EA3315900E13027 /* SecurityAndKey */ = {
			isa = PBXGroup;
			children = (
				CA088C861EA3385000E13027 /* SecurityViewController.swift */,
				CA088C7E1EA3318900E13027 /* KeyViewController.swift */,
				CA088C801EA335A800E13027 /* SecurityAndKeyViewController.swift */,
				CA088C881EA33AC900E13027 /* SecurityDetailCell.swift */,
				CA088C8A1EA33ADC00E13027 /* KeyDetailCell.swift */,
				CA088C901EA34FC500E13027 /* SecurityDetailViewController.swift */,
				CA088C921EA38A0700E13027 /* SecurityDetailDetailCell.swift */,
				CA088C9C1EA8904100E13027 /* KeyDetailViewController.swift */,
				CA06F2061EACEC7200E8B302 /* AddSecurityGroupRuleViewController.swift */,
				CA7168101EB0958B008B48D2 /* ImportKeyViewController.swift */,
			);
			path = SecurityAndKey;
			sourceTree = "<group>";
		};
		CA7168161EB353DF008B48D2 /* Volumes */ = {
			isa = PBXGroup;
			children = (
				CA7168171EB38B00008B48D2 /* VolumeAndSnapshotViewController.swift */,
				CA71681A1EB38B51008B48D2 /* VolumeViewController.swift */,
				CA71681C1EB38B67008B48D2 /* VolumeSnapshotViewController.swift */,
				CA7168221EB48733008B48D2 /* VolumeDetailCell.swift */,
				CA7168281EB4B630008B48D2 /* VolumeSnapshotDetailCell.swift */,
				CA3C68B21EBB45A0002447CF /* AddVolumeViewController.swift */,
				CA3C68B81EC0996E002447CF /* VolumeDetailViewController.swift */,
			);
			path = Volumes;
			sourceTree = "<group>";
		};
		CA836A1F1E9D0D9100A2C2D9 /* Image */ = {
			isa = PBXGroup;
			children = (
				CA088C821EA3384000E13027 /* ImageDetailCell.swift */,
				CA088C831EA3384000E13027 /* ImageViewController.swift */,
				CA7168121EB1A7FB008B48D2 /* EditImageViewController.swift */,
				CA3C68B61EC083B1002447CF /* ImageDetailViewController.swift */,
			);
			path = Image;
			sourceTree = "<group>";
		};
/* End PBXGroup section */

/* Begin PBXNativeTarget section */
		27510BA01D488F290098CD17 /* NeCTARClient */ = {
			isa = PBXNativeTarget;
			buildConfigurationList = 27510BC91D488F2A0098CD17 /* Build configuration list for PBXNativeTarget "NeCTARClient" */;
			buildPhases = (
				919932922893720AAD759D4E /* [CP] Check Pods Manifest.lock */,
				27510B9D1D488F290098CD17 /* Sources */,
				27510B9E1D488F290098CD17 /* Frameworks */,
				27510B9F1D488F290098CD17 /* Resources */,
				B603C5D379F58B44F13BC75F /* [CP] Embed Pods Frameworks */,
				81CA300B473B08BE807FB497 /* [CP] Copy Pods Resources */,
			);
			buildRules = (
			);
			dependencies = (
			);
			name = NeCTARClient;
			productName = NeCTARClient;
			productReference = 27510BA11D488F290098CD17 /* NeCTARClient.app */;
			productType = "com.apple.product-type.application";
		};
		27510BB41D488F2A0098CD17 /* NeCTARClientTests */ = {
			isa = PBXNativeTarget;
			buildConfigurationList = 27510BCC1D488F2A0098CD17 /* Build configuration list for PBXNativeTarget "NeCTARClientTests" */;
			buildPhases = (
				27510BB11D488F2A0098CD17 /* Sources */,
				27510BB21D488F2A0098CD17 /* Frameworks */,
				27510BB31D488F2A0098CD17 /* Resources */,
			);
			buildRules = (
			);
			dependencies = (
				27510BB71D488F2A0098CD17 /* PBXTargetDependency */,
			);
			name = NeCTARClientTests;
			productName = NeCTARClientTests;
			productReference = 27510BB51D488F2A0098CD17 /* NeCTARClientTests.xctest */;
			productType = "com.apple.product-type.bundle.unit-test";
		};
		27510BBF1D488F2A0098CD17 /* NeCTARClientUITests */ = {
			isa = PBXNativeTarget;
			buildConfigurationList = 27510BCF1D488F2A0098CD17 /* Build configuration list for PBXNativeTarget "NeCTARClientUITests" */;
			buildPhases = (
				27510BBC1D488F2A0098CD17 /* Sources */,
				27510BBD1D488F2A0098CD17 /* Frameworks */,
				27510BBE1D488F2A0098CD17 /* Resources */,
				CA8AD24A1E7CEE13009BE0C1 /* CopyFiles */,
			);
			buildRules = (
			);
			dependencies = (
				27510BC21D488F2A0098CD17 /* PBXTargetDependency */,
			);
			name = NeCTARClientUITests;
			productName = NeCTARClientUITests;
			productReference = 27510BC01D488F2A0098CD17 /* NeCTARClientUITests.xctest */;
			productType = "com.apple.product-type.bundle.ui-testing";
		};
/* End PBXNativeTarget section */

/* Begin PBXProject section */
		27510B991D488F290098CD17 /* Project object */ = {
			isa = PBXProject;
			attributes = {
				LastSwiftUpdateCheck = 0720;
				LastUpgradeCheck = 0720;
				ORGANIZATIONNAME = "Xinrui Xu";
				TargetAttributes = {
					27510BA01D488F290098CD17 = {
						CreatedOnToolsVersion = 7.2.1;
						DevelopmentTeam = DHGLHDUHR6;
					};
					27510BB41D488F2A0098CD17 = {
						CreatedOnToolsVersion = 7.2.1;
						DevelopmentTeam = 9CQ32ZPA5Z;
						TestTargetID = 27510BA01D488F290098CD17;
					};
					27510BBF1D488F2A0098CD17 = {
						CreatedOnToolsVersion = 7.2.1;
						TestTargetID = 27510BA01D488F290098CD17;
					};
				};
			};
			buildConfigurationList = 27510B9C1D488F290098CD17 /* Build configuration list for PBXProject "NeCTARClient" */;
			compatibilityVersion = "Xcode 3.2";
			developmentRegion = English;
			hasScannedForEncodings = 0;
			knownRegions = (
				en,
				Base,
			);
			mainGroup = 27510B981D488F290098CD17;
			productRefGroup = 27510BA21D488F290098CD17 /* Products */;
			projectDirPath = "";
			projectRoot = "";
			targets = (
				27510BA01D488F290098CD17 /* NeCTARClient */,
				27510BB41D488F2A0098CD17 /* NeCTARClientTests */,
				27510BBF1D488F2A0098CD17 /* NeCTARClientUITests */,
			);
		};
/* End PBXProject section */

/* Begin PBXResourcesBuildPhase section */
		27510B9F1D488F290098CD17 /* Resources */ = {
			isa = PBXResourcesBuildPhase;
			buildActionMask = 2147483647;
			files = (
				27510BAF1D488F290098CD17 /* LaunchScreen.storyboard in Resources */,
				27510BAC1D488F290098CD17 /* Assets.xcassets in Resources */,
				27510BAA1D488F290098CD17 /* Main.storyboard in Resources */,
				27B551541DA3BFF80083E8D4 /* WebViewController.xib in Resources */,
				274FF94D1D5C868200D588EC /* LoginStoryboard.storyboard in Resources */,
			);
			runOnlyForDeploymentPostprocessing = 0;
		};
		27510BB31D488F2A0098CD17 /* Resources */ = {
			isa = PBXResourcesBuildPhase;
			buildActionMask = 2147483647;
			files = (
			);
			runOnlyForDeploymentPostprocessing = 0;
		};
		27510BBE1D488F2A0098CD17 /* Resources */ = {
			isa = PBXResourcesBuildPhase;
			buildActionMask = 2147483647;
			files = (
			);
			runOnlyForDeploymentPostprocessing = 0;
		};
/* End PBXResourcesBuildPhase section */

/* Begin PBXShellScriptBuildPhase section */
		81CA300B473B08BE807FB497 /* [CP] Copy Pods Resources */ = {
			isa = PBXShellScriptBuildPhase;
			buildActionMask = 2147483647;
			files = (
			);
			inputPaths = (
			);
			name = "[CP] Copy Pods Resources";
			outputPaths = (
			);
			runOnlyForDeploymentPostprocessing = 0;
			shellPath = /bin/sh;
			shellScript = "\"${SRCROOT}/Pods/Target Support Files/Pods-NeCTARClient/Pods-NeCTARClient-resources.sh\"\n";
			showEnvVarsInLog = 0;
		};
		919932922893720AAD759D4E /* [CP] Check Pods Manifest.lock */ = {
			isa = PBXShellScriptBuildPhase;
			buildActionMask = 2147483647;
			files = (
			);
			inputPaths = (
			);
			name = "[CP] Check Pods Manifest.lock";
			outputPaths = (
			);
			runOnlyForDeploymentPostprocessing = 0;
			shellPath = /bin/sh;
			shellScript = "diff \"${PODS_PODFILE_DIR_PATH}/Podfile.lock\" \"${PODS_ROOT}/Manifest.lock\" > /dev/null\nif [ $? != 0 ] ; then\n    # print error to STDERR\n    echo \"error: The sandbox is not in sync with the Podfile.lock. Run 'pod install' or update your CocoaPods installation.\" >&2\n    exit 1\nfi\n";
			showEnvVarsInLog = 0;
		};
		B603C5D379F58B44F13BC75F /* [CP] Embed Pods Frameworks */ = {
			isa = PBXShellScriptBuildPhase;
			buildActionMask = 2147483647;
			files = (
			);
			inputPaths = (
			);
			name = "[CP] Embed Pods Frameworks";
			outputPaths = (
			);
			runOnlyForDeploymentPostprocessing = 0;
			shellPath = /bin/sh;
			shellScript = "\"${SRCROOT}/Pods/Target Support Files/Pods-NeCTARClient/Pods-NeCTARClient-frameworks.sh\"\n";
			showEnvVarsInLog = 0;
		};
/* End PBXShellScriptBuildPhase section */

/* Begin PBXSourcesBuildPhase section */
		27510B9D1D488F290098CD17 /* Sources */ = {
			isa = PBXSourcesBuildPhase;
			buildActionMask = 2147483647;
			files = (
				276BE6491D6343C4003EA74C /* AboutViewController.swift in Sources */,
				27AAFD4F1D5DB246007E3054 /* LoginViewController.swift in Sources */,
				2743433F1DA0CF21006B520F /* ImageService.swift in Sources */,
				CA3C68BD1EC1F7A3002447CF /* AZoneService.swift in Sources */,
				CA088C911EA34FC500E13027 /* SecurityDetailViewController.swift in Sources */,
				CA088C9D1EA8904100E13027 /* KeyDetailViewController.swift in Sources */,
				CA7168181EB38B00008B48D2 /* VolumeAndSnapshotViewController.swift in Sources */,
				273C205F1D9583FC0076356C /* SelfDefineButton.swift in Sources */,
				274FF9491D53078700D588EC /* User.swift in Sources */,
				275FA0B11D6A7A2100898557 /* InstanceDetailCell.swift in Sources */,
				276BE6431D62CA49003EA74C /* OtherPageViewController.swift in Sources */,
				276BE62C1D6080DC003EA74C /* CommonUsage.swift in Sources */,
				27451BF01D69404400FF782E /* Instance.swift in Sources */,
				27FA446B1D917DE6007DB8CC /* ActionsViewController.swift in Sources */,
				CA7168291EB4B630008B48D2 /* VolumeSnapshotDetailCell.swift in Sources */,
				274FF94B1D53102A00D588EC /* UserService.swift in Sources */,
				27510BA71D488F290098CD17 /* ViewController.swift in Sources */,
				2709AEE01D656D40004FEB3D /* OverViewCell.swift in Sources */,
				CA088C8D1EA33F7900E13027 /* Security.swift in Sources */,
				27B551531DA3BFF80083E8D4 /* WebViewController.swift in Sources */,
				27B5514F1DA372480083E8D4 /* GuideViewController.swift in Sources */,
				276BE6301D609FAE003EA74C /* LeftViewController.swift in Sources */,
				CA088C811EA335A800E13027 /* SecurityAndKeyViewController.swift in Sources */,
				276BE62E1D608BF9003EA74C /* OverViewController.swift in Sources */,
				CA088C8B1EA33ADC00E13027 /* KeyDetailCell.swift in Sources */,
				CA088C9B1EA879B200E13027 /* KeyService.swift in Sources */,
				27510BA51D488F290098CD17 /* AppDelegate.swift in Sources */,
				CA088C851EA3384000E13027 /* ImageViewController.swift in Sources */,
				27451BEE1D69402F00FF782E /* InstanceService.swift in Sources */,
				CA3C68BB1EC1F739002447CF /* AZone.swift in Sources */,
				276BE6471D6343A8003EA74C /* InstancesViewController.swift in Sources */,
				CA71681D1EB38B67008B48D2 /* VolumeSnapshotViewController.swift in Sources */,
				CA088C9F1EA8E9F900E13027 /* AddInstanceImageViewController.swift in Sources */,
				CA7168211EB4863F008B48D2 /* VolumeService.swift in Sources */,
				27DCDBFD1D8E873700D523BD /* InstanceDetailViewController.swift in Sources */,
				274343411DA0CF2D006B520F /* Image.swift in Sources */,
				CA3C68B91EC0996E002447CF /* VolumeDetailViewController.swift in Sources */,
				CA7168271EB4B3D6008B48D2 /* VolumeSnapshotService.swift in Sources */,
				274343381D9F9510006B520F /* FlavorService.swift in Sources */,
				CA06F2071EACEC7200E8B302 /* AddSecurityGroupRuleViewController.swift in Sources */,
				CA088C891EA33AC900E13027 /* SecurityDetailCell.swift in Sources */,
				CA71681F1EB48163008B48D2 /* Volume.swift in Sources */,
				CA088C991EA8799C00E13027 /* Key.swift in Sources */,
				CA3C68B31EBB45A0002447CF /* AddVolumeViewController.swift in Sources */,
				CA088C7F1EA3318900E13027 /* KeyViewController.swift in Sources */,
				CA7168251EB4B05B008B48D2 /* VolumeSnapshot.swift in Sources */,
				CA088C871EA3385000E13027 /* SecurityViewController.swift in Sources */,
				27AEF62F1D49E0F1006A6337 /* NetworkEngine.swift in Sources */,
				272234661D6AFCD100C4F90B /* Flavor.swift in Sources */,
				CA7168131EB1A7FB008B48D2 /* EditImageViewController.swift in Sources */,
				CA7168151EB2DE0E008B48D2 /* AddInstanceVolumeViewController.swift in Sources */,
				274FF9501D5CAA2000D588EC /* BaseViewController.swift in Sources */,
				CA7168111EB0958B008B48D2 /* ImportKeyViewController.swift in Sources */,
				CA088C8F1EA33F9100E13027 /* SecurityService.swift in Sources */,
				CA71681B1EB38B51008B48D2 /* VolumeViewController.swift in Sources */,
				CA7168231EB48733008B48D2 /* VolumeDetailCell.swift in Sources */,
				276BE6281D607DF1003EA74C /* ContentBaseViewController.swift in Sources */,
				CA088C841EA3384000E13027 /* ImageDetailCell.swift in Sources */,
				CA3C68B71EC083B1002447CF /* ImageDetailViewController.swift in Sources */,
				CA088C931EA38A0700E13027 /* SecurityDetailDetailCell.swift in Sources */,
			);
			runOnlyForDeploymentPostprocessing = 0;
		};
		27510BB11D488F2A0098CD17 /* Sources */ = {
			isa = PBXSourcesBuildPhase;
			buildActionMask = 2147483647;
			files = (
				27510BBA1D488F2A0098CD17 /* NeCTARClientTests.swift in Sources */,
			);
			runOnlyForDeploymentPostprocessing = 0;
		};
		27510BBC1D488F2A0098CD17 /* Sources */ = {
			isa = PBXSourcesBuildPhase;
			buildActionMask = 2147483647;
			files = (
				CA0E5B0B1E7CED0B00B22194 /* NeCTARClientTests.swift in Sources */,
			);
			runOnlyForDeploymentPostprocessing = 0;
		};
/* End PBXSourcesBuildPhase section */

/* Begin PBXTargetDependency section */
		27510BB71D488F2A0098CD17 /* PBXTargetDependency */ = {
			isa = PBXTargetDependency;
			target = 27510BA01D488F290098CD17 /* NeCTARClient */;
			targetProxy = 27510BB61D488F2A0098CD17 /* PBXContainerItemProxy */;
		};
		27510BC21D488F2A0098CD17 /* PBXTargetDependency */ = {
			isa = PBXTargetDependency;
			target = 27510BA01D488F290098CD17 /* NeCTARClient */;
			targetProxy = 27510BC11D488F2A0098CD17 /* PBXContainerItemProxy */;
		};
/* End PBXTargetDependency section */

/* Begin PBXVariantGroup section */
		27510BA81D488F290098CD17 /* Main.storyboard */ = {
			isa = PBXVariantGroup;
			children = (
				27510BA91D488F290098CD17 /* Base */,
			);
			name = Main.storyboard;
			sourceTree = "<group>";
		};
		27510BAD1D488F290098CD17 /* LaunchScreen.storyboard */ = {
			isa = PBXVariantGroup;
			children = (
				27510BAE1D488F290098CD17 /* Base */,
			);
			name = LaunchScreen.storyboard;
			sourceTree = "<group>";
		};
/* End PBXVariantGroup section */

/* Begin XCBuildConfiguration section */
		27510BC71D488F2A0098CD17 /* Debug */ = {
			isa = XCBuildConfiguration;
			buildSettings = {
				ALWAYS_SEARCH_USER_PATHS = NO;
				CLANG_CXX_LANGUAGE_STANDARD = "gnu++0x";
				CLANG_CXX_LIBRARY = "libc++";
				CLANG_ENABLE_MODULES = YES;
				CLANG_ENABLE_OBJC_ARC = YES;
				CLANG_WARN_BOOL_CONVERSION = YES;
				CLANG_WARN_CONSTANT_CONVERSION = YES;
				CLANG_WARN_DIRECT_OBJC_ISA_USAGE = YES_ERROR;
				CLANG_WARN_EMPTY_BODY = YES;
				CLANG_WARN_ENUM_CONVERSION = YES;
				CLANG_WARN_INT_CONVERSION = YES;
				CLANG_WARN_OBJC_ROOT_CLASS = YES_ERROR;
				CLANG_WARN_UNREACHABLE_CODE = YES;
				CLANG_WARN__DUPLICATE_METHOD_MATCH = YES;
				"CODE_SIGN_IDENTITY[sdk=iphoneos*]" = "iPhone Developer";
				COPY_PHASE_STRIP = NO;
				DEBUG_INFORMATION_FORMAT = dwarf;
				ENABLE_STRICT_OBJC_MSGSEND = YES;
				ENABLE_TESTABILITY = YES;
				GCC_C_LANGUAGE_STANDARD = gnu99;
				GCC_DYNAMIC_NO_PIC = NO;
				GCC_NO_COMMON_BLOCKS = YES;
				GCC_OPTIMIZATION_LEVEL = 0;
				GCC_PREPROCESSOR_DEFINITIONS = (
					"DEBUG=1",
					"$(inherited)",
				);
				GCC_WARN_64_TO_32_BIT_CONVERSION = YES;
				GCC_WARN_ABOUT_RETURN_TYPE = YES_ERROR;
				GCC_WARN_UNDECLARED_SELECTOR = YES;
				GCC_WARN_UNINITIALIZED_AUTOS = YES_AGGRESSIVE;
				GCC_WARN_UNUSED_FUNCTION = YES;
				GCC_WARN_UNUSED_VARIABLE = YES;
				IPHONEOS_DEPLOYMENT_TARGET = 9.2;
				MTL_ENABLE_DEBUG_INFO = YES;
				ONLY_ACTIVE_ARCH = YES;
				SDKROOT = iphoneos;
				SWIFT_OPTIMIZATION_LEVEL = "-Onone";
			};
			name = Debug;
		};
		27510BC81D488F2A0098CD17 /* Release */ = {
			isa = XCBuildConfiguration;
			buildSettings = {
				ALWAYS_SEARCH_USER_PATHS = NO;
				CLANG_CXX_LANGUAGE_STANDARD = "gnu++0x";
				CLANG_CXX_LIBRARY = "libc++";
				CLANG_ENABLE_MODULES = YES;
				CLANG_ENABLE_OBJC_ARC = YES;
				CLANG_WARN_BOOL_CONVERSION = YES;
				CLANG_WARN_CONSTANT_CONVERSION = YES;
				CLANG_WARN_DIRECT_OBJC_ISA_USAGE = YES_ERROR;
				CLANG_WARN_EMPTY_BODY = YES;
				CLANG_WARN_ENUM_CONVERSION = YES;
				CLANG_WARN_INT_CONVERSION = YES;
				CLANG_WARN_OBJC_ROOT_CLASS = YES_ERROR;
				CLANG_WARN_UNREACHABLE_CODE = YES;
				CLANG_WARN__DUPLICATE_METHOD_MATCH = YES;
				"CODE_SIGN_IDENTITY[sdk=iphoneos*]" = "iPhone Developer";
				COPY_PHASE_STRIP = NO;
				DEBUG_INFORMATION_FORMAT = "dwarf-with-dsym";
				ENABLE_NS_ASSERTIONS = NO;
				ENABLE_STRICT_OBJC_MSGSEND = YES;
				GCC_C_LANGUAGE_STANDARD = gnu99;
				GCC_NO_COMMON_BLOCKS = YES;
				GCC_WARN_64_TO_32_BIT_CONVERSION = YES;
				GCC_WARN_ABOUT_RETURN_TYPE = YES_ERROR;
				GCC_WARN_UNDECLARED_SELECTOR = YES;
				GCC_WARN_UNINITIALIZED_AUTOS = YES_AGGRESSIVE;
				GCC_WARN_UNUSED_FUNCTION = YES;
				GCC_WARN_UNUSED_VARIABLE = YES;
				IPHONEOS_DEPLOYMENT_TARGET = 9.2;
				MTL_ENABLE_DEBUG_INFO = NO;
				SDKROOT = iphoneos;
				VALIDATE_PRODUCT = YES;
			};
			name = Release;
		};
		27510BCA1D488F2A0098CD17 /* Debug */ = {
			isa = XCBuildConfiguration;
			baseConfigurationReference = 6BFD802475F6ED318E4023AD /* Pods-NeCTARClient.debug.xcconfig */;
			buildSettings = {
				ASSETCATALOG_COMPILER_APPICON_NAME = AppIcon;
				CODE_SIGN_IDENTITY = "iPhone Developer";
				INFOPLIST_FILE = NeCTARClient/Info.plist;
				LD_RUNPATH_SEARCH_PATHS = "$(inherited) @executable_path/Frameworks";
				PRODUCT_BUNDLE_IDENTIFIER = au.edu.dingw.NeCTARClient.test;
				PRODUCT_NAME = "$(TARGET_NAME)";
			};
			name = Debug;
		};
		27510BCB1D488F2A0098CD17 /* Release */ = {
			isa = XCBuildConfiguration;
			baseConfigurationReference = 1B5B6132B56EA574C782E008 /* Pods-NeCTARClient.release.xcconfig */;
			buildSettings = {
				ASSETCATALOG_COMPILER_APPICON_NAME = AppIcon;
				CODE_SIGN_IDENTITY = "iPhone Developer";
				INFOPLIST_FILE = NeCTARClient/Info.plist;
				LD_RUNPATH_SEARCH_PATHS = "$(inherited) @executable_path/Frameworks";
				PRODUCT_BUNDLE_IDENTIFIER = au.edu.dingw.NeCTARClient.test;
				PRODUCT_NAME = "$(TARGET_NAME)";
			};
			name = Release;
		};
		27510BCD1D488F2A0098CD17 /* Debug */ = {
			isa = XCBuildConfiguration;
			buildSettings = {
				BUNDLE_LOADER = "$(TEST_HOST)";
				INFOPLIST_FILE = NeCTARClientTests/Info.plist;
				LD_RUNPATH_SEARCH_PATHS = "$(inherited) @executable_path/Frameworks @loader_path/Frameworks";
				PRODUCT_BUNDLE_IDENTIFIER = au.edu.dingw.NeCTARClientTests;
				PRODUCT_NAME = "$(TARGET_NAME)";
				TEST_HOST = "$(BUILT_PRODUCTS_DIR)/NeCTARClient.app/NeCTARClient";
			};
			name = Debug;
		};
		27510BCE1D488F2A0098CD17 /* Release */ = {
			isa = XCBuildConfiguration;
			buildSettings = {
				BUNDLE_LOADER = "$(TEST_HOST)";
				INFOPLIST_FILE = NeCTARClientTests/Info.plist;
				LD_RUNPATH_SEARCH_PATHS = "$(inherited) @executable_path/Frameworks @loader_path/Frameworks";
				PRODUCT_BUNDLE_IDENTIFIER = au.edu.dingw.NeCTARClientTests;
				PRODUCT_NAME = "$(TARGET_NAME)";
				TEST_HOST = "$(BUILT_PRODUCTS_DIR)/NeCTARClient.app/NeCTARClient";
			};
			name = Release;
		};
		27510BD01D488F2A0098CD17 /* Debug */ = {
			isa = XCBuildConfiguration;
			buildSettings = {
				DEVELOPMENT_TEAM = "";
				ENABLE_BITCODE = NO;
				INFOPLIST_FILE = NeCTARClientUITests/Info.plist;
				LD_RUNPATH_SEARCH_PATHS = "$(inherited) @executable_path/Frameworks @loader_path/Frameworks";
				OTHER_LDFLAGS = "-all_load";
				PRODUCT_BUNDLE_IDENTIFIER = au.edu.dingw.NeCTARClientUITests;
				PRODUCT_NAME = "$(TARGET_NAME)";
				SWIFT_VERSION = "";
				TEST_TARGET_NAME = NeCTARClient;
				USES_XCTRUNNER = YES;
				VALID_ARCHS = armv7;
			};
			name = Debug;
		};
		27510BD11D488F2A0098CD17 /* Release */ = {
			isa = XCBuildConfiguration;
			buildSettings = {
				DEVELOPMENT_TEAM = "";
				ENABLE_BITCODE = NO;
				INFOPLIST_FILE = NeCTARClientUITests/Info.plist;
				LD_RUNPATH_SEARCH_PATHS = "$(inherited) @executable_path/Frameworks @loader_path/Frameworks";
				OTHER_LDFLAGS = "-all_load";
				PRODUCT_BUNDLE_IDENTIFIER = au.edu.dingw.NeCTARClientUITests;
				PRODUCT_NAME = "$(TARGET_NAME)";
				SWIFT_VERSION = "";
				TEST_TARGET_NAME = NeCTARClient;
				USES_XCTRUNNER = YES;
				VALID_ARCHS = armv7;
			};
			name = Release;
		};
/* End XCBuildConfiguration section */

/* Begin XCConfigurationList section */
		27510B9C1D488F290098CD17 /* Build configuration list for PBXProject "NeCTARClient" */ = {
			isa = XCConfigurationList;
			buildConfigurations = (
				27510BC71D488F2A0098CD17 /* Debug */,
				27510BC81D488F2A0098CD17 /* Release */,
			);
			defaultConfigurationIsVisible = 0;
			defaultConfigurationName = Release;
		};
		27510BC91D488F2A0098CD17 /* Build configuration list for PBXNativeTarget "NeCTARClient" */ = {
			isa = XCConfigurationList;
			buildConfigurations = (
				27510BCA1D488F2A0098CD17 /* Debug */,
				27510BCB1D488F2A0098CD17 /* Release */,
			);
			defaultConfigurationIsVisible = 0;
			defaultConfigurationName = Release;
		};
		27510BCC1D488F2A0098CD17 /* Build configuration list for PBXNativeTarget "NeCTARClientTests" */ = {
			isa = XCConfigurationList;
			buildConfigurations = (
				27510BCD1D488F2A0098CD17 /* Debug */,
				27510BCE1D488F2A0098CD17 /* Release */,
			);
			defaultConfigurationIsVisible = 0;
			defaultConfigurationName = Release;
		};
		27510BCF1D488F2A0098CD17 /* Build configuration list for PBXNativeTarget "NeCTARClientUITests" */ = {
			isa = XCConfigurationList;
			buildConfigurations = (
				27510BD01D488F2A0098CD17 /* Debug */,
				27510BD11D488F2A0098CD17 /* Release */,
			);
			defaultConfigurationIsVisible = 0;
			defaultConfigurationName = Release;
		};
/* End XCConfigurationList section */
	};
	rootObject = 27510B991D488F290098CD17 /* Project object */;
}
